
Microsoft Visual Studio Solution File, Format Version 12.00
# Visual Studio Version 16
VisualStudioVersion = 16.0.31129.286
MinimumVisualStudioVersion = 10.0.40219.1
Project("{FAE04EC0-301F-11D3-BF4B-00C04F79EFBC}") = "客成部机器人数据管理端", "客成部机器人数据管理端.csproj", "{0EBDA56A-64E8-4837-B070-8C087C18A106}"
EndProject
Global
	GlobalSection(SolutionConfigurationPlatforms) = preSolution
		Debug|Any CPU = Debug|Any CPU
		Release|Any CPU = Release|Any CPU
	EndGlobalSection
	GlobalSection(ProjectConfigurationPlatforms) = postSolution
		{0EBDA56A-64E8-4837-B070-8C087C18A106}.Debug|Any CPU.ActiveCfg = Debug|Any CPU
		{0EBDA56A-64E8-4837-B070-8C087C18A106}.Debug|Any CPU.Build.0 = Debug|Any CPU
		{0EBDA56A-64E8-4837-B070-8C087C18A106}.Release|Any CPU.ActiveCfg = Release|Any CPU
		{0EBDA56A-64E8-4837-B070-8C087C18A106}.Release|Any CPU.Build.0 = Release|Any CPU
	EndGlobalSection
	GlobalSection(SolutionProperties) = preSolution
		HideSolutionNode = FALSE
	EndGlobalSection
	GlobalSection(ExtensibilityGlobals) = postSolution
		SolutionGuid = {7794312C-F7F7-4869-B091-60D9BEA9AA95}
	EndGlobalSection
EndGlobal
